
Microsoft Visual Studio Solution File, Format Version 12.00
# Visual Studio Version 17
VisualStudioVersion = 17.5.33627.172
MinimumVisualStudioVersion = 10.0.40219.1
Project("{FAE04EC0-301F-11D3-BF4B-00C04F79EFBC}") = "TestDepeanancyInjection", "TestDepeanancyInjection\TestDepeanancyInjection.csproj", "{075FB817-BD7C-47F1-BD0F-41874D76ED70}"
EndProject
Global
	GlobalSection(SolutionConfigurationPlatforms) = preSolution
		Debug|Any CPU = Debug|Any CPU
		Release|Any CPU = Release|Any CPU
	EndGlobalSection
	GlobalSection(ProjectConfigurationPlatforms) = postSolution
		{075FB817-BD7C-47F1-BD0F-41874D76ED70}.Debug|Any CPU.ActiveCfg = Debug|Any CPU
		{075FB817-BD7C-47F1-BD0F-41874D76ED70}.Debug|Any CPU.Build.0 = Debug|Any CPU
		{075FB817-BD7C-47F1-BD0F-41874D76ED70}.Release|Any CPU.ActiveCfg = Release|Any CPU
		{075FB817-BD7C-47F1-BD0F-41874D76ED70}.Release|Any CPU.Build.0 = Release|Any CPU
	EndGlobalSection
	GlobalSection(SolutionProperties) = preSolution
		HideSolutionNode = FALSE
	EndGlobalSection
	GlobalSection(ExtensibilityGlobals) = postSolution
		SolutionGuid = {276DEB48-0907-41F2-89A2-94912C5D8527}
	EndGlobalSection
EndGlobal
